
Microsoft Visual Studio Solution File, Format Version 12.00
# Visual Studio 14
VisualStudioVersion = 14.0.25420.1
MinimumVisualStudioVersion = 10.0.40219.1
Project("{2150E333-8FDC-42A3-9474-1A3956D46DE8}") = "0 - Presentation", "0 - Presentation", "{699B263E-8A81-488A-BC74-815F4BBB98D6}"
EndProject
Project("{2150E333-8FDC-42A3-9474-1A3956D46DE8}") = "1 - Services", "1 - Services", "{C5938B9B-C92D-4911-98E2-63BCF8B8705C}"
EndProject
Project("{2150E333-8FDC-42A3-9474-1A3956D46DE8}") = "2 - Application", "2 - Application", "{0C14D891-9E39-4231-8088-9CB4DFFF1E21}"
EndProject
Project("{2150E333-8FDC-42A3-9474-1A3956D46DE8}") = "3 - WebApi", "3 - WebApi", "{34D8E005-34A9-4DD1-AFD4-5074DD601AC6}"
EndProject
Project("{2150E333-8FDC-42A3-9474-1A3956D46DE8}") = "4 - Domain", "4 - Domain", "{D0FD2278-074D-4476-BE8F-209B75941427}"
EndProject
Project("{2150E333-8FDC-42A3-9474-1A3956D46DE8}") = "5 - Infra", "5 - Infra", "{C2AA14ED-0750-43E3-9AFE-E5A5E61D2BA1}"
EndProject
Project("{2150E333-8FDC-42A3-9474-1A3956D46DE8}") = "5.1 - Data", "5.1 - Data", "{D6F43219-EFFC-4318-8210-7CF92B232FB3}"
EndProject
Project("{FAE04EC0-301F-11D3-BF4B-00C04F79EFBC}") = "Hades.Infra.Data", "Hades.Infra.Data\Hades.Infra.Data.csproj", "{8488C6EA-D714-41DA-B295-C2604D412622}"
EndProject
Project("{FAE04EC0-301F-11D3-BF4B-00C04F79EFBC}") = "Hades.Web", "Hades.Web\Hades.Web.csproj", "{FC1DB05A-79FD-451F-9E06-A2035CEE80F9}"
EndProject
Project("{FAE04EC0-301F-11D3-BF4B-00C04F79EFBC}") = "Hades.Domain", "Hades.Domain\Hades.Domain.csproj", "{23ECDA2C-90E2-4A9F-90AA-2D4B475D7889}"
EndProject
Project("{FAE04EC0-301F-11D3-BF4B-00C04F79EFBC}") = "Hades.WebApi", "Hades.WebApi\Hades.WebApi.csproj", "{8EDC2EA4-38B7-4FEF-B157-F41D7C040EAD}"
EndProject
Project("{FAE04EC0-301F-11D3-BF4B-00C04F79EFBC}") = "Hades.Application", "Hades.Application\Hades.Application.csproj", "{1D83F9B4-B833-43EA-A1ED-66B6BDD4523F}"
EndProject
Global
	GlobalSection(SolutionConfigurationPlatforms) = preSolution
		Debug|Any CPU = Debug|Any CPU
		Release|Any CPU = Release|Any CPU
	EndGlobalSection
	GlobalSection(ProjectConfigurationPlatforms) = postSolution
		{8488C6EA-D714-41DA-B295-C2604D412622}.Debug|Any CPU.ActiveCfg = Debug|Any CPU
		{8488C6EA-D714-41DA-B295-C2604D412622}.Debug|Any CPU.Build.0 = Debug|Any CPU
		{8488C6EA-D714-41DA-B295-C2604D412622}.Release|Any CPU.ActiveCfg = Release|Any CPU
		{8488C6EA-D714-41DA-B295-C2604D412622}.Release|Any CPU.Build.0 = Release|Any CPU
		{FC1DB05A-79FD-451F-9E06-A2035CEE80F9}.Debug|Any CPU.ActiveCfg = Debug|Any CPU
		{FC1DB05A-79FD-451F-9E06-A2035CEE80F9}.Debug|Any CPU.Build.0 = Debug|Any CPU
		{FC1DB05A-79FD-451F-9E06-A2035CEE80F9}.Release|Any CPU.ActiveCfg = Release|Any CPU
		{FC1DB05A-79FD-451F-9E06-A2035CEE80F9}.Release|Any CPU.Build.0 = Release|Any CPU
		{23ECDA2C-90E2-4A9F-90AA-2D4B475D7889}.Debug|Any CPU.ActiveCfg = Debug|Any CPU
		{23ECDA2C-90E2-4A9F-90AA-2D4B475D7889}.Debug|Any CPU.Build.0 = Debug|Any CPU
		{23ECDA2C-90E2-4A9F-90AA-2D4B475D7889}.Release|Any CPU.ActiveCfg = Release|Any CPU
		{23ECDA2C-90E2-4A9F-90AA-2D4B475D7889}.Release|Any CPU.Build.0 = Release|Any CPU
		{8EDC2EA4-38B7-4FEF-B157-F41D7C040EAD}.Debug|Any CPU.ActiveCfg = Debug|Any CPU
		{8EDC2EA4-38B7-4FEF-B157-F41D7C040EAD}.Debug|Any CPU.Build.0 = Debug|Any CPU
		{8EDC2EA4-38B7-4FEF-B157-F41D7C040EAD}.Release|Any CPU.ActiveCfg = Release|Any CPU
		{8EDC2EA4-38B7-4FEF-B157-F41D7C040EAD}.Release|Any CPU.Build.0 = Release|Any CPU
		{1D83F9B4-B833-43EA-A1ED-66B6BDD4523F}.Debug|Any CPU.ActiveCfg = Debug|Any CPU
		{1D83F9B4-B833-43EA-A1ED-66B6BDD4523F}.Debug|Any CPU.Build.0 = Debug|Any CPU
		{1D83F9B4-B833-43EA-A1ED-66B6BDD4523F}.Release|Any CPU.ActiveCfg = Release|Any CPU
		{1D83F9B4-B833-43EA-A1ED-66B6BDD4523F}.Release|Any CPU.Build.0 = Release|Any CPU
	EndGlobalSection
	GlobalSection(SolutionProperties) = preSolution
		HideSolutionNode = FALSE
	EndGlobalSection
	GlobalSection(NestedProjects) = preSolution
		{D6F43219-EFFC-4318-8210-7CF92B232FB3} = {C2AA14ED-0750-43E3-9AFE-E5A5E61D2BA1}
		{8488C6EA-D714-41DA-B295-C2604D412622} = {D6F43219-EFFC-4318-8210-7CF92B232FB3}
		{FC1DB05A-79FD-451F-9E06-A2035CEE80F9} = {699B263E-8A81-488A-BC74-815F4BBB98D6}
		{23ECDA2C-90E2-4A9F-90AA-2D4B475D7889} = {D0FD2278-074D-4476-BE8F-209B75941427}
		{8EDC2EA4-38B7-4FEF-B157-F41D7C040EAD} = {34D8E005-34A9-4DD1-AFD4-5074DD601AC6}
		{1D83F9B4-B833-43EA-A1ED-66B6BDD4523F} = {0C14D891-9E39-4231-8088-9CB4DFFF1E21}
	EndGlobalSection
EndGlobal
